// !$*UTF8*$!
{
	archiveVersion = 1;
	classes = {
	};
	objectVersion = 46;
	objects = {

/* Begin PBXBuildFile section */
		6AE7C31D18DC152A00D11B08 /* Foundation.framework in Frameworks */ = {isa = PBXBuildFile; fileRef = 6AE7C31C18DC152A00D11B08 /* Foundation.framework */; };
		6AE7C31F18DC152A00D11B08 /* CoreGraphics.framework in Frameworks */ = {isa = PBXBuildFile; fileRef = 6AE7C31E18DC152A00D11B08 /* CoreGraphics.framework */; };
		6AE7C32118DC152A00D11B08 /* UIKit.framework in Frameworks */ = {isa = PBXBuildFile; fileRef = 6AE7C32018DC152A00D11B08 /* UIKit.framework */; };
		6AE7C32718DC152A00D11B08 /* InfoPlist.strings in Resources */ = {isa = PBXBuildFile; fileRef = 6AE7C32518DC152A00D11B08 /* InfoPlist.strings */; };
		6AE7C32918DC152A00D11B08 /* main.m in Sources */ = {isa = PBXBuildFile; fileRef = 6AE7C32818DC152A00D11B08 /* main.m */; };
		6AE7C32D18DC152A00D11B08 /* cgameAppDelegate.m in Sources */ = {isa = PBXBuildFile; fileRef = 6AE7C32C18DC152A00D11B08 /* cgameAppDelegate.m */; };
		6AE7C33018DC152A00D11B08 /* Main.storyboard in Resources */ = {isa = PBXBuildFile; fileRef = 6AE7C32E18DC152A00D11B08 /* Main.storyboard */; };
		6AE7C33318DC152A00D11B08 /* cgameViewController.m in Sources */ = {isa = PBXBuildFile; fileRef = 6AE7C33218DC152A00D11B08 /* cgameViewController.m */; };
		6AE7C33518DC152A00D11B08 /* Images.xcassets in Resources */ = {isa = PBXBuildFile; fileRef = 6AE7C33418DC152A00D11B08 /* Images.xcassets */; };
		6AE7C33C18DC152A00D11B08 /* XCTest.framework in Frameworks */ = {isa = PBXBuildFile; fileRef = 6AE7C33B18DC152A00D11B08 /* XCTest.framework */; };
		6AE7C33D18DC152A00D11B08 /* Foundation.framework in Frameworks */ = {isa = PBXBuildFile; fileRef = 6AE7C31C18DC152A00D11B08 /* Foundation.framework */; };
		6AE7C33E18DC152A00D11B08 /* UIKit.framework in Frameworks */ = {isa = PBXBuildFile; fileRef = 6AE7C32018DC152A00D11B08 /* UIKit.framework */; };
		6AE7C34618DC152A00D11B08 /* InfoPlist.strings in Resources */ = {isa = PBXBuildFile; fileRef = 6AE7C34418DC152A00D11B08 /* InfoPlist.strings */; };
		6AE7C34818DC152A00D11B08 /* Card_GameTests.m in Sources */ = {isa = PBXBuildFile; fileRef = 6AE7C34718DC152A00D11B08 /* Card_GameTests.m */; };
/* End PBXBuildFile section */

/* Begin PBXContainerItemProxy section */
		6AE7C33F18DC152A00D11B08 /* PBXContainerItemProxy */ = {
			isa = PBXContainerItemProxy;
			containerPortal = 6AE7C31118DC152A00D11B08 /* Project object */;
			proxyType = 1;
			remoteGlobalIDString = 6AE7C31818DC152A00D11B08;
			remoteInfo = "Card Game";
		};
/* End PBXContainerItemProxy section */

/* Begin PBXFileReference section */
		6AE7C31918DC152A00D11B08 /* Card Game.app */ = {isa = PBXFileReference; explicitFileType = wrapper.application; includeInIndex = 0; path = "Card Game.app"; sourceTree = BUILT_PRODUCTS_DIR; };
		6AE7C31C18DC152A00D11B08 /* Foundation.framework */ = {isa = PBXFileReference; lastKnownFileType = wrapper.framework; name = Foundation.framework; path = System/Library/Frameworks/Foundation.framework; sourceTree = SDKROOT; };
		6AE7C31E18DC152A00D11B08 /* CoreGraphics.framework */ = {isa = PBXFileReference; lastKnownFileType = wrapper.framework; name = CoreGraphics.framework; path = System/Library/Frameworks/CoreGraphics.framework; sourceTree = SDKROOT; };
		6AE7C32018DC152A00D11B08 /* UIKit.framework */ = {isa = PBXFileReference; lastKnownFileType = wrapper.framework; name = UIKit.framework; path = System/Library/Frameworks/UIKit.framework; sourceTree = SDKROOT; };
		6AE7C32418DC152A00D11B08 /* Card Game-Info.plist */ = {isa = PBXFileReference; lastKnownFileType = text.plist.xml; path = "Card Game-Info.plist"; sourceTree = "<group>"; };
		6AE7C32618DC152A00D11B08 /* en */ = {isa = PBXFileReference; lastKnownFileType = text.plist.strings; name = en; path = en.lproj/InfoPlist.strings; sourceTree = "<group>"; };
		6AE7C32818DC152A00D11B08 /* main.m */ = {isa = PBXFileReference; lastKnownFileType = sourcecode.c.objc; path = main.m; sourceTree = "<group>"; };
		6AE7C32A18DC152A00D11B08 /* Card Game-Prefix.pch */ = {isa = PBXFileReference; lastKnownFileType = sourcecode.c.h; path = "Card Game-Prefix.pch"; sourceTree = "<group>"; };
		6AE7C32B18DC152A00D11B08 /* cgameAppDelegate.h */ = {isa = PBXFileReference; lastKnownFileType = sourcecode.c.h; path = cgameAppDelegate.h; sourceTree = "<group>"; };
		6AE7C32C18DC152A00D11B08 /* cgameAppDelegate.m */ = {isa = PBXFileReference; lastKnownFileType = sourcecode.c.objc; path = cgameAppDelegate.m; sourceTree = "<group>"; };
		6AE7C32F18DC152A00D11B08 /* Base */ = {isa = PBXFileReference; lastKnownFileType = file.storyboard; name = Base; path = Base.lproj/Main.storyboard; sourceTree = "<group>"; };
		6AE7C33118DC152A00D11B08 /* cgameViewController.h */ = {isa = PBXFileReference; lastKnownFileType = sourcecode.c.h; path = cgameViewController.h; sourceTree = "<group>"; };
		6AE7C33218DC152A00D11B08 /* cgameViewController.m */ = {isa = PBXFileReference; lastKnownFileType = sourcecode.c.objc; path = cgameViewController.m; sourceTree = "<group>"; };
		6AE7C33418DC152A00D11B08 /* Images.xcassets */ = {isa = PBXFileReference; lastKnownFileType = folder.assetcatalog; path = Images.xcassets; sourceTree = "<group>"; };
		6AE7C33A18DC152A00D11B08 /* Card GameTests.xctest */ = {isa = PBXFileReference; explicitFileType = wrapper.cfbundle; includeInIndex = 0; path = "Card GameTests.xctest"; sourceTree = BUILT_PRODUCTS_DIR; };
		6AE7C33B18DC152A00D11B08 /* XCTest.framework */ = {isa = PBXFileReference; lastKnownFileType = wrapper.framework; name = XCTest.framework; path = Library/Frameworks/XCTest.framework; sourceTree = DEVELOPER_DIR; };
		6AE7C34318DC152A00D11B08 /* Card GameTests-Info.plist */ = {isa = PBXFileReference; lastKnownFileType = text.plist.xml; path = "Card GameTests-Info.plist"; sourceTree = "<group>"; };
		6AE7C34518DC152A00D11B08 /* en */ = {isa = PBXFileReference; lastKnownFileType = text.plist.strings; name = en; path = en.lproj/InfoPlist.strings; sourceTree = "<group>"; };
		6AE7C34718DC152A00D11B08 /* Card_GameTests.m */ = {isa = PBXFileReference; lastKnownFileType = sourcecode.c.objc; path = Card_GameTests.m; sourceTree = "<group>"; };
/* End PBXFileReference section */

/* Begin PBXFrameworksBuildPhase section */
		6AE7C31618DC152A00D11B08 /* Frameworks */ = {
			isa = PBXFrameworksBuildPhase;
			buildActionMask = 2147483647;
			files = (
				6AE7C31F18DC152A00D11B08 /* CoreGraphics.framework in Frameworks */,
				6AE7C32118DC152A00D11B08 /* UIKit.framework in Frameworks */,
				6AE7C31D18DC152A00D11B08 /* Foundation.framework in Frameworks */,
			);
			runOnlyForDeploymentPostprocessing = 0;
		};
		6AE7C33718DC152A00D11B08 /* Frameworks */ = {
			isa = PBXFrameworksBuildPhase;
			buildActionMask = 2147483647;
			files = (
				6AE7C33C18DC152A00D11B08 /* XCTest.framework in Frameworks */,
				6AE7C33E18DC152A00D11B08 /* UIKit.framework in Frameworks */,
				6AE7C33D18DC152A00D11B08 /* Foundation.framework in Frameworks */,
			);
			runOnlyForDeploymentPostprocessing = 0;
		};
/* End PBXFrameworksBuildPhase section */

/* Begin PBXGroup section */
		6AE7C31018DC152A00D11B08 = {
			isa = PBXGroup;
			children = (
				6AE7C32218DC152A00D11B08 /* Card Game */,
				6AE7C34118DC152A00D11B08 /* Card GameTests */,
				6AE7C31B18DC152A00D11B08 /* Frameworks */,
				6AE7C31A18DC152A00D11B08 /* Products */,
			);
			sourceTree = "<group>";
		};
		6AE7C31A18DC152A00D11B08 /* Products */ = {
			isa = PBXGroup;
			children = (
				6AE7C31918DC152A00D11B08 /* Card Game.app */,
				6AE7C33A18DC152A00D11B08 /* Card GameTests.xctest */,
			);
			name = Products;
			sourceTree = "<group>";
		};
		6AE7C31B18DC152A00D11B08 /* Frameworks */ = {
			isa = PBXGroup;
			children = (
				6AE7C31C18DC152A00D11B08 /* Foundation.framework */,
				6AE7C31E18DC152A00D11B08 /* CoreGraphics.framework */,
				6AE7C32018DC152A00D11B08 /* UIKit.framework */,
				6AE7C33B18DC152A00D11B08 /* XCTest.framework */,
			);
			name = Frameworks;
			sourceTree = "<group>";
		};
		6AE7C32218DC152A00D11B08 /* Card Game */ = {
			isa = PBXGroup;
			children = (
				6AE7C32B18DC152A00D11B08 /* cgameAppDelegate.h */,
				6AE7C32C18DC152A00D11B08 /* cgameAppDelegate.m */,
				6AE7C32E18DC152A00D11B08 /* Main.storyboard */,
				6AE7C33118DC152A00D11B08 /* cgameViewController.h */,
				6AE7C33218DC152A00D11B08 /* cgameViewController.m */,
				6AE7C33418DC152A00D11B08 /* Images.xcassets */,
				6AE7C32318DC152A00D11B08 /* Supporting Files */,
			);
			path = "Card Game";
			sourceTree = "<group>";
		};
		6AE7C32318DC152A00D11B08 /* Supporting Files */ = {
			isa = PBXGroup;
			children = (
				6AE7C32418DC152A00D11B08 /* Card Game-Info.plist */,
				6AE7C32518DC152A00D11B08 /* InfoPlist.strings */,
				6AE7C32818DC152A00D11B08 /* main.m */,
				6AE7C32A18DC152A00D11B08 /* Card Game-Prefix.pch */,
			);
			name = "Supporting Files";
			sourceTree = "<group>";
		};
		6AE7C34118DC152A00D11B08 /* Card GameTests */ = {
			isa = PBXGroup;
			children = (
				6AE7C34718DC152A00D11B08 /* Card_GameTests.m */,
				6AE7C34218DC152A00D11B08 /* Supporting Files */,
			);
			path = "Card GameTests";
			sourceTree = "<group>";
		};
		6AE7C34218DC152A00D11B08 /* Supporting Files */ = {
			isa = PBXGroup;
			children = (
				6AE7C34318DC152A00D11B08 /* Card GameTests-Info.plist */,
				6AE7C34418DC152A00D11B08 /* InfoPlist.strings */,
			);
			name = "Supporting Files";
			sourceTree = "<group>";
		};
/* End PBXGroup section */

/* Begin PBXNativeTarget section */
		6AE7C31818DC152A00D11B08 /* Card Game */ = {
			isa = PBXNativeTarget;
			buildConfigurationList = 6AE7C34B18DC152A00D11B08 /* Build configuration list for PBXNativeTarget "Card Game" */;
			buildPhases = (
				6AE7C31518DC152A00D11B08 /* Sources */,
				6AE7C31618DC152A00D11B08 /* Frameworks */,
				6AE7C31718DC152A00D11B08 /* Resources */,
			);
			buildRules = (
			);
			dependencies = (
			);
			name = "Card Game";
			productName = "Card Game";
			productReference = 6AE7C31918DC152A00D11B08 /* Card Game.app */;
			productType = "com.apple.product-type.application";
		};
		6AE7C33918DC152A00D11B08 /* Card GameTests */ = {
			isa = PBXNativeTarget;
			buildConfigurationList = 6AE7C34E18DC152A00D11B08 /* Build configuration list for PBXNativeTarget "Card GameTests" */;
			buildPhases = (
				6AE7C33618DC152A00D11B08 /* Sources */,
				6AE7C33718DC152A00D11B08 /* Frameworks */,
				6AE7C33818DC152A00D11B08 /* Resources */,
			);
			buildRules = (
			);
			dependencies = (
				6AE7C34018DC152A00D11B08 /* PBXTargetDependency */,
			);
			name = "Card GameTests";
			productName = "Card GameTests";
			productReference = 6AE7C33A18DC152A00D11B08 /* Card GameTests.xctest */;
			productType = "com.apple.product-type.bundle.unit-test";
		};
/* End PBXNativeTarget section */

/* Begin PBXProject section */
		6AE7C31118DC152A00D11B08 /* Project object */ = {
			isa = PBXProject;
			attributes = {
				CLASSPREFIX = cgame;
				LastUpgradeCheck = 0510;
				ORGANIZATIONNAME = "Isaac Elias";
				TargetAttributes = {
					6AE7C33918DC152A00D11B08 = {
						TestTargetID = 6AE7C31818DC152A00D11B08;
					};
				};
			};
			buildConfigurationList = 6AE7C31418DC152A00D11B08 /* Build configuration list for PBXProject "Card Game" */;
			compatibilityVersion = "Xcode 3.2";
			developmentRegion = English;
			hasScannedForEncodings = 0;
			knownRegions = (
				en,
				Base,
			);
			mainGroup = 6AE7C31018DC152A00D11B08;
			productRefGroup = 6AE7C31A18DC152A00D11B08 /* Products */;
			projectDirPath = "";
			projectRoot = "";
			targets = (
				6AE7C31818DC152A00D11B08 /* Card Game */,
				6AE7C33918DC152A00D11B08 /* Card GameTests */,
			);
		};
/* End PBXProject section */

/* Begin PBXResourcesBuildPhase section */
		6AE7C31718DC152A00D11B08 /* Resources */ = {
			isa = PBXResourcesBuildPhase;
			buildActionMask = 2147483647;
			files = (
				6AE7C33518DC152A00D11B08 /* Images.xcassets in Resources */,
				6AE7C32718DC152A00D11B08 /* InfoPlist.strings in Resources */,
				6AE7C33018DC152A00D11B08 /* Main.storyboard in Resources */,
			);
			runOnlyForDeploymentPostprocessing = 0;
		};
		6AE7C33818DC152A00D11B08 /* Resources */ = {
			isa = PBXResourcesBuildPhase;
			buildActionMask = 2147483647;
			files = (
				6AE7C34618DC152A00D11B08 /* InfoPlist.strings in Resources */,
			);
			runOnlyForDeploymentPostprocessing = 0;
		};
/* End PBXResourcesBuildPhase section */

/* Begin PBXSourcesBuildPhase section */
		6AE7C31518DC152A00D11B08 /* Sources */ = {
			isa = PBXSourcesBuildPhase;
			buildActionMask = 2147483647;
			files = (
				6AE7C32D18DC152A00D11B08 /* cgameAppDelegate.m in Sources */,
				6AE7C33318DC152A00D11B08 /* cgameViewController.m in Sources */,
				6AE7C32918DC152A00D11B08 /* main.m in Sources */,
			);
			runOnlyForDeploymentPostprocessing = 0;
		};
		6AE7C33618DC152A00D11B08 /* Sources */ = {
			isa = PBXSourcesBuildPhase;
			buildActionMask = 2147483647;
			files = (
				6AE7C34818DC152A00D11B08 /* Card_GameTests.m in Sources */,
			);
			runOnlyForDeploymentPostprocessing = 0;
		};
/* End PBXSourcesBuildPhase section */

/* Begin PBXTargetDependency section */
		6AE7C34018DC152A00D11B08 /* PBXTargetDependency */ = {
			isa = PBXTargetDependency;
			target = 6AE7C31818DC152A00D11B08 /* Card Game */;
			targetProxy = 6AE7C33F18DC152A00D11B08 /* PBXContainerItemProxy */;
		};
/* End PBXTargetDependency section */

/* Begin PBXVariantGroup section */
		6AE7C32518DC152A00D11B08 /* InfoPlist.strings */ = {
			isa = PBXVariantGroup;
			children = (
				6AE7C32618DC152A00D11B08 /* en */,
			);
			name = InfoPlist.strings;
			sourceTree = "<group>";
		};
		6AE7C32E18DC152A00D11B08 /* Main.storyboard */ = {
			isa = PBXVariantGroup;
			children = (
				6AE7C32F18DC152A00D11B08 /* Base */,
			);
			name = Main.storyboard;
			sourceTree = "<group>";
		};
		6AE7C34418DC152A00D11B08 /* InfoPlist.strings */ = {
			isa = PBXVariantGroup;
			children = (
				6AE7C34518DC152A00D11B08 /* en */,
			);
			name = InfoPlist.strings;
			sourceTree = "<group>";
		};
/* End PBXVariantGroup section */

/* Begin XCBuildConfiguration section */
		6AE7C34918DC152A00D11B08 /* Debug */ = {
			isa = XCBuildConfiguration;
			buildSettings = {
				ALWAYS_SEARCH_USER_PATHS = NO;
				CLANG_CXX_LANGUAGE_STANDARD = "gnu++0x";
				CLANG_CXX_LIBRARY = "libc++";
				CLANG_ENABLE_MODULES = YES;
				CLANG_ENABLE_OBJC_ARC = YES;
				CLANG_WARN_BOOL_CONVERSION = YES;
				CLANG_WARN_CONSTANT_CONVERSION = YES;
				CLANG_WARN_DIRECT_OBJC_ISA_USAGE = YES_ERROR;
				CLANG_WARN_EMPTY_BODY = YES;
				CLANG_WARN_ENUM_CONVERSION = YES;
				CLANG_WARN_INT_CONVERSION = YES;
				CLANG_WARN_OBJC_ROOT_CLASS = YES_ERROR;
				CLANG_WARN__DUPLICATE_METHOD_MATCH = YES;
				"CODE_SIGN_IDENTITY[sdk=iphoneos*]" = "iPhone Developer";
				COPY_PHASE_STRIP = NO;
				GCC_C_LANGUAGE_STANDARD = gnu99;
				GCC_DYNAMIC_NO_PIC = NO;
				GCC_OPTIMIZATION_LEVEL = 0;
				GCC_PREPROCESSOR_DEFINITIONS = (
					"DEBUG=1",
					"$(inherited)",
				);
				GCC_SYMBOLS_PRIVATE_EXTERN = NO;
				GCC_WARN_64_TO_32_BIT_CONVERSION = YES;
				GCC_WARN_ABOUT_RETURN_TYPE = YES_ERROR;
				GCC_WARN_UNDECLARED_SELECTOR = YES;
				GCC_WARN_UNINITIALIZED_AUTOS = YES_AGGRESSIVE;
				GCC_WARN_UNUSED_FUNCTION = YES;
				GCC_WARN_UNUSED_VARIABLE = YES;
				IPHONEOS_DEPLOYMENT_TARGET = 7.1;
				ONLY_ACTIVE_ARCH = YES;
				SDKROOT = iphoneos;
			};
			name = Debug;
		};
		6AE7C34A18DC152A00D11B08 /* Release */ = {
			isa = XCBuildConfiguration;
			buildSettings = {
				ALWAYS_SEARCH_USER_PATHS = NO;
				CLANG_CXX_LANGUAGE_STANDARD = "gnu++0x";
				CLANG_CXX_LIBRARY = "libc++";
				CLANG_ENABLE_MODULES = YES;
				CLANG_ENABLE_OBJC_ARC = YES;
				CLANG_WARN_BOOL_CONVERSION = YES;
				CLANG_WARN_CONSTANT_CONVERSION = YES;
				CLANG_WARN_DIRECT_OBJC_ISA_USAGE = YES_ERROR;
				CLANG_WARN_EMPTY_BODY = YES;
				CLANG_WARN_ENUM_CONVERSION = YES;
				CLANG_WARN_INT_CONVERSION = YES;
				CLANG_WARN_OBJC_ROOT_CLASS = YES_ERROR;
				CLANG_WARN__DUPLICATE_METHOD_MATCH = YES;
				"CODE_SIGN_IDENTITY[sdk=iphoneos*]" = "iPhone Developer";
				COPY_PHASE_STRIP = YES;
				ENABLE_NS_ASSERTIONS = NO;
				GCC_C_LANGUAGE_STANDARD = gnu99;
				GCC_WARN_64_TO_32_BIT_CONVERSION = YES;
				GCC_WARN_ABOUT_RETURN_TYPE = YES_ERROR;
				GCC_WARN_UNDECLARED_SELECTOR = YES;
				GCC_WARN_UNINITIALIZED_AUTOS = YES_AGGRESSIVE;
				GCC_WARN_UNUSED_FUNCTION = YES;
				GCC_WARN_UNUSED_VARIABLE = YES;
				IPHONEOS_DEPLOYMENT_TARGET = 7.1;
				SDKROOT = iphoneos;
				VALIDATE_PRODUCT = YES;
			};
			name = Release;
		};
		6AE7C34C18DC152A00D11B08 /* Debug */ = {
			isa = XCBuildConfiguration;
			buildSettings = {
				ASSETCATALOG_COMPILER_APPICON_NAME = AppIcon;
				ASSETCATALOG_COMPILER_LAUNCHIMAGE_NAME = LaunchImage;
				GCC_PRECOMPILE_PREFIX_HEADER = YES;
				GCC_PREFIX_HEADER = "Card Game/Card Game-Prefix.pch";
				INFOPLIST_FILE = "Card Game/Card Game-Info.plist";
				PRODUCT_NAME = "$(TARGET_NAME)";
				WRAPPER_EXTENSION = app;
			};
			name = Debug;
		};
		6AE7C34D18DC152A00D11B08 /* Release */ = {
			isa = XCBuildConfiguration;
			buildSettings = {
				ASSETCATALOG_COMPILER_APPICON_NAME = AppIcon;
				ASSETCATALOG_COMPILER_LAUNCHIMAGE_NAME = LaunchImage;
				GCC_PRECOMPILE_PREFIX_HEADER = YES;
				GCC_PREFIX_HEADER = "Card Game/Card Game-Prefix.pch";
				INFOPLIST_FILE = "Card Game/Card Game-Info.plist";
				PRODUCT_NAME = "$(TARGET_NAME)";
				WRAPPER_EXTENSION = app;
			};
			name = Release;
		};
		6AE7C34F18DC152A00D11B08 /* Debug */ = {
			isa = XCBuildConfiguration;
			buildSettings = {
				BUNDLE_LOADER = "$(BUILT_PRODUCTS_DIR)/Card Game.app/Card Game";
				FRAMEWORK_SEARCH_PATHS = (
					"$(SDKROOT)/Developer/Library/Frameworks",
					"$(inherited)",
					"$(DEVELOPER_FRAMEWORKS_DIR)",
				);
				GCC_PRECOMPILE_PREFIX_HEADER = YES;
				GCC_PREFIX_HEADER = "Card Game/Card Game-Prefix.pch";
				GCC_PREPROCESSOR_DEFINITIONS = (
					"DEBUG=1",
					"$(inherited)",
				);
				INFOPLIST_FILE = "Card GameTests/Card GameTests-Info.plist";
				PRODUCT_NAME = "$(TARGET_NAME)";
				TEST_HOST = "$(BUNDLE_LOADER)";
				WRAPPER_EXTENSION = xctest;
			};
			name = Debug;
		};
		6AE7C35018DC152A00D11B08 /* Release */ = {
			isa = XCBuildConfiguration;
			buildSettings = {
				BUNDLE_LOADER = "$(BUILT_PRODUCTS_DIR)/Card Game.app/Card Game";
				FRAMEWORK_SEARCH_PATHS = (
					"$(SDKROOT)/Developer/Library/Frameworks",
					"$(inherited)",
					"$(DEVELOPER_FRAMEWORKS_DIR)",
				);
				GCC_PRECOMPILE_PREFIX_HEADER = YES;
				GCC_PREFIX_HEADER = "Card Game/Card Game-Prefix.pch";
				INFOPLIST_FILE = "Card GameTests/Card GameTests-Info.plist";
				PRODUCT_NAME = "$(TARGET_NAME)";
				TEST_HOST = "$(BUNDLE_LOADER)";
				WRAPPER_EXTENSION = xctest;
			};
			name = Release;
		};
/* End XCBuildConfiguration section */

/* Begin XCConfigurationList section */
		6AE7C31418DC152A00D11B08 /* Build configuration list for PBXProject "Card Game" */ = {
			isa = XCConfigurationList;
			buildConfigurations = (
				6AE7C34918DC152A00D11B08 /* Debug */,
				6AE7C34A18DC152A00D11B08 /* Release */,
			);
			defaultConfigurationIsVisible = 0;
			defaultConfigurationName = Release;
		};
		6AE7C34B18DC152A00D11B08 /* Build configuration list for PBXNativeTarget "Card Game" */ = {
			isa = XCConfigurationList;
			buildConfigurations = (
				6AE7C34C18DC152A00D11B08 /* Debug */,
				6AE7C34D18DC152A00D11B08 /* Release */,
			);
			defaultConfigurationIsVisible = 0;
		};
		6AE7C34E18DC152A00D11B08 /* Build configuration list for PBXNativeTarget "Card GameTests" */ = {
			isa = XCConfigurationList;
			buildConfigurations = (
				6AE7C34F18DC152A00D11B08 /* Debug */,
				6AE7C35018DC152A00D11B08 /* Release */,
			);
			defaultConfigurationIsVisible = 0;
		};
/* End XCConfigurationList section */
	};
	rootObject = 6AE7C31118DC152A00D11B08 /* Project object */;
}
